
Microsoft Visual Studio Solution File, Format Version 12.00
# Visual Studio Version 17
VisualStudioVersion = 17.5.33414.496
MinimumVisualStudioVersion = 10.0.40219.1
Project("{FAE04EC0-301F-11D3-BF4B-00C04F79EFBC}") = "WebAPI", "WebAPI\WebAPI.csproj", "{24A3E9C2-6CD3-4B69-ACD4-AC468CC3AC01}"
EndProject
Global
	GlobalSection(SolutionConfigurationPlatforms) = preSolution
		Debug|Any CPU = Debug|Any CPU
		Release|Any CPU = Release|Any CPU
	EndGlobalSection
	GlobalSection(ProjectConfigurationPlatforms) = postSolution
		{24A3E9C2-6CD3-4B69-ACD4-AC468CC3AC01}.Debug|Any CPU.ActiveCfg = Debug|Any CPU
		{24A3E9C2-6CD3-4B69-ACD4-AC468CC3AC01}.Debug|Any CPU.Build.0 = Debug|Any CPU
		{24A3E9C2-6CD3-4B69-ACD4-AC468CC3AC01}.Release|Any CPU.ActiveCfg = Release|Any CPU
		{24A3E9C2-6CD3-4B69-ACD4-AC468CC3AC01}.Release|Any CPU.Build.0 = Release|Any CPU
	EndGlobalSection
	GlobalSection(SolutionProperties) = preSolution
		HideSolutionNode = FALSE
	EndGlobalSection
	GlobalSection(ExtensibilityGlobals) = postSolution
		SolutionGuid = {62257666-E228-40CB-82F9-DA63042DB4F8}
	EndGlobalSection
EndGlobal
